
Microsoft Visual Studio Solution File, Format Version 10.00
# Visual Studio 2008
Project("{8BC9CEB8-8B4A-11D0-8D11-00A0C91BC942}") = "PQP", "PQP.vcproj", "{33124BD0-E1AF-48B9-AF43-21AD0B45E4C4}"
EndProject
Global
	GlobalSection(SolutionConfigurationPlatforms) = preSolution
		Debug|Win32 = Debug|Win32
		Release|Win32 = Release|Win32
	EndGlobalSection
	GlobalSection(ProjectConfigurationPlatforms) = postSolution
		{33124BD0-E1AF-48B9-AF43-21AD0B45E4C4}.Debug|Win32.ActiveCfg = Debug|Win32
		{33124BD0-E1AF-48B9-AF43-21AD0B45E4C4}.Debug|Win32.Build.0 = Debug|Win32
		{33124BD0-E1AF-48B9-AF43-21AD0B45E4C4}.Release|Win32.ActiveCfg = Release|Win32
		{33124BD0-E1AF-48B9-AF43-21AD0B45E4C4}.Release|Win32.Build.0 = Release|Win32
	EndGlobalSection
	GlobalSection(SolutionProperties) = preSolution
		HideSolutionNode = FALSE
	EndGlobalSection
EndGlobal
